
Microsoft Visual Studio Solution File, Format Version 12.00
# Visual Studio Version 16
VisualStudioVersion = 16.0.31515.178
MinimumVisualStudioVersion = 10.0.40219.1
Project("{8BC9CEB8-8B4A-11D0-8D11-00A0C91BC942}") = "bifurcation", "bifurcation\bifurcation.vcxproj", "{0D7DACFD-5265-4555-8126-031A96E17E2E}"
EndProject
Global
	GlobalSection(SolutionConfigurationPlatforms) = preSolution
		Debug|x64 = Debug|x64
		Release|x64 = Release|x64
	EndGlobalSection
	GlobalSection(ProjectConfigurationPlatforms) = postSolution
		{0D7DACFD-5265-4555-8126-031A96E17E2E}.Debug|x64.ActiveCfg = Debug|x64
		{0D7DACFD-5265-4555-8126-031A96E17E2E}.Debug|x64.Build.0 = Debug|x64
		{0D7DACFD-5265-4555-8126-031A96E17E2E}.Release|x64.ActiveCfg = Release|x64
		{0D7DACFD-5265-4555-8126-031A96E17E2E}.Release|x64.Build.0 = Release|x64
	EndGlobalSection
	GlobalSection(SolutionProperties) = preSolution
		HideSolutionNode = FALSE
	EndGlobalSection
	GlobalSection(ExtensibilityGlobals) = postSolution
		SolutionGuid = {C9B749C5-DFB4-4AD9-B784-842C2BE1730A}
	EndGlobalSection
EndGlobal
